
Microsoft Visual Studio Solution File, Format Version 12.00
# Visual Studio Version 16
VisualStudioVersion = 16.0.32106.194
MinimumVisualStudioVersion = 10.0.40219.1
Project("{F184B08F-C81C-45F6-A57F-5ABD9991F28F}") = "HelloWorld", "HelloWorld.vbproj", "{D49D17B6-E617-4861-8D2B-7E58FDE6BAA6}"
EndProject
Global
	GlobalSection(SolutionConfigurationPlatforms) = preSolution
		Debug|Any CPU = Debug|Any CPU
		Release|Any CPU = Release|Any CPU
	EndGlobalSection
	GlobalSection(ProjectConfigurationPlatforms) = postSolution
		{D49D17B6-E617-4861-8D2B-7E58FDE6BAA6}.Debug|Any CPU.ActiveCfg = Debug|Any CPU
		{D49D17B6-E617-4861-8D2B-7E58FDE6BAA6}.Debug|Any CPU.Build.0 = Debug|Any CPU
		{D49D17B6-E617-4861-8D2B-7E58FDE6BAA6}.Release|Any CPU.ActiveCfg = Release|Any CPU
		{D49D17B6-E617-4861-8D2B-7E58FDE6BAA6}.Release|Any CPU.Build.0 = Release|Any CPU
	EndGlobalSection
	GlobalSection(SolutionProperties) = preSolution
		HideSolutionNode = FALSE
	EndGlobalSection
	GlobalSection(ExtensibilityGlobals) = postSolution
		SolutionGuid = {59837AD6-E958-4772-B883-E99C47A1D0D7}
	EndGlobalSection
EndGlobal
